// !$*UTF8*$!
{
	archiveVersion = 1;
	classes = {
	};
	objectVersion = 56;
	objects = {

/* Begin PBXBuildFile section */
		4C76183F2AE9817600AB5280 /* WardrobeView.swift in Sources */ = {isa = PBXBuildFile; fileRef = 4C76183E2AE9817600AB5280 /* WardrobeView.swift */; };
		4C7618412AE99DD500AB5280 /* AccessoryComponent.swift in Sources */ = {isa = PBXBuildFile; fileRef = 4C7618402AE99DD500AB5280 /* AccessoryComponent.swift */; };
		4C7618432AE9D39100AB5280 /* DataController.swift in Sources */ = {isa = PBXBuildFile; fileRef = 4C7618422AE9D39100AB5280 /* DataController.swift */; };
		7C4BFF312AE98DC500096106 /* MainroomView.swift in Sources */ = {isa = PBXBuildFile; fileRef = 7C4BFF302AE98DC500096106 /* MainroomView.swift */; };
		7CABA4B62AE83FFF00192655 /* Constants.swift in Sources */ = {isa = PBXBuildFile; fileRef = 7CABA4B52AE83FFF00192655 /* Constants.swift */; };
		7CABA4B82AE8472400192655 /* TabbarView.swift in Sources */ = {isa = PBXBuildFile; fileRef = 7CABA4B72AE8472400192655 /* TabbarView.swift */; };
		7CABA4BB2AE84BFA00192655 /* KitchenView.swift in Sources */ = {isa = PBXBuildFile; fileRef = 7CABA4BA2AE84BFA00192655 /* KitchenView.swift */; };
		7CABA4BD2AE84C1000192655 /* BathroomView.swift in Sources */ = {isa = PBXBuildFile; fileRef = 7CABA4BC2AE84C1000192655 /* BathroomView.swift */; };
		7CABA4BF2AE84C2500192655 /* BedroomView.swift in Sources */ = {isa = PBXBuildFile; fileRef = 7CABA4BE2AE84C2500192655 /* BedroomView.swift */; };
		7CABA4C12AE84C3D00192655 /* GardenView.swift in Sources */ = {isa = PBXBuildFile; fileRef = 7CABA4C02AE84C3D00192655 /* GardenView.swift */; };
		D8249EB42AE70A9C0008AD7D /* VirtualPetApp.swift in Sources */ = {isa = PBXBuildFile; fileRef = D8249EB32AE70A9C0008AD7D /* VirtualPetApp.swift */; };
		D8249EB62AE70A9C0008AD7D /* Persistence.swift in Sources */ = {isa = PBXBuildFile; fileRef = D8249EB52AE70A9C0008AD7D /* Persistence.swift */; };
		D8249EB92AE70A9C0008AD7D /* VirtualPet.xcdatamodeld in Sources */ = {isa = PBXBuildFile; fileRef = D8249EB72AE70A9C0008AD7D /* VirtualPet.xcdatamodeld */; };
		D8249EBB2AE70A9C0008AD7D /* ContentView.swift in Sources */ = {isa = PBXBuildFile; fileRef = D8249EBA2AE70A9C0008AD7D /* ContentView.swift */; };
		D8249EBD2AE70A9D0008AD7D /* Assets.xcassets in Resources */ = {isa = PBXBuildFile; fileRef = D8249EBC2AE70A9D0008AD7D /* Assets.xcassets */; };
		D8249EC12AE70A9D0008AD7D /* Preview Assets.xcassets in Resources */ = {isa = PBXBuildFile; fileRef = D8249EC02AE70A9D0008AD7D /* Preview Assets.xcassets */; };
		D8249ECE2AE70B430008AD7D /* VirtualPetAppleWatchApp.swift in Sources */ = {isa = PBXBuildFile; fileRef = D8249ECD2AE70B430008AD7D /* VirtualPetAppleWatchApp.swift */; };
		D8249ED02AE70B430008AD7D /* ContentView.swift in Sources */ = {isa = PBXBuildFile; fileRef = D8249ECF2AE70B430008AD7D /* ContentView.swift */; };
		D8249ED22AE70B450008AD7D /* Assets.xcassets in Resources */ = {isa = PBXBuildFile; fileRef = D8249ED12AE70B450008AD7D /* Assets.xcassets */; };
		D8249ED52AE70B450008AD7D /* Preview Assets.xcassets in Resources */ = {isa = PBXBuildFile; fileRef = D8249ED42AE70B450008AD7D /* Preview Assets.xcassets */; };
		D8249EDB2AE70B450008AD7D /* VirtualPetAppleWatch Watch App.app in Embed Watch Content */ = {isa = PBXBuildFile; fileRef = D8249EDA2AE70B450008AD7D /* VirtualPetAppleWatch Watch App.app */; settings = {ATTRIBUTES = (RemoveHeadersOnCopy, ); }; };
		D8249EE22AE70B450008AD7D /* ContentView.swift in Sources */ = {isa = PBXBuildFile; fileRef = D8249EE12AE70B450008AD7D /* ContentView.swift */; };
		D8249EE42AE70B460008AD7D /* Assets.xcassets in Resources */ = {isa = PBXBuildFile; fileRef = D8249EE32AE70B460008AD7D /* Assets.xcassets */; };
		D8249EE72AE70B460008AD7D /* Preview Assets.xcassets in Resources */ = {isa = PBXBuildFile; fileRef = D8249EE62AE70B460008AD7D /* Preview Assets.xcassets */; };
		D8249EF22AE70C680008AD7D /* Enums.swift in Sources */ = {isa = PBXBuildFile; fileRef = D8249EF12AE70C680008AD7D /* Enums.swift */; };
		D8E103F42AE84FC600FC7B3A /* VirtualPetAppleWatchApp.swift in Sources */ = {isa = PBXBuildFile; fileRef = D8249EDF2AE70B450008AD7D /* VirtualPetAppleWatchApp.swift */; };
		D8E103F62AE850CA00FC7B3A /* EggSelectionView.swift in Sources */ = {isa = PBXBuildFile; fileRef = D8E103F12AE83B1500FC7B3A /* EggSelectionView.swift */; };
		D8E103FD2AE855BB00FC7B3A /* Silkscreen-Bold.ttf in Resources */ = {isa = PBXBuildFile; fileRef = D8E103FC2AE855BB00FC7B3A /* Silkscreen-Bold.ttf */; };
		D8E103FE2AE855BB00FC7B3A /* Silkscreen-Bold.ttf in Resources */ = {isa = PBXBuildFile; fileRef = D8E103FC2AE855BB00FC7B3A /* Silkscreen-Bold.ttf */; };
		D8E103FF2AE855BB00FC7B3A /* Silkscreen-Bold.ttf in Resources */ = {isa = PBXBuildFile; fileRef = D8E103FC2AE855BB00FC7B3A /* Silkscreen-Bold.ttf */; };
		D8E104012AE855D400FC7B3A /* Silkscreen-Regular.ttf in Resources */ = {isa = PBXBuildFile; fileRef = D8E104002AE855D400FC7B3A /* Silkscreen-Regular.ttf */; };
		D8E104022AE855D400FC7B3A /* Silkscreen-Regular.ttf in Resources */ = {isa = PBXBuildFile; fileRef = D8E104002AE855D400FC7B3A /* Silkscreen-Regular.ttf */; };
		D8E104032AE855D400FC7B3A /* Silkscreen-Regular.ttf in Resources */ = {isa = PBXBuildFile; fileRef = D8E104002AE855D400FC7B3A /* Silkscreen-Regular.ttf */; };
		D8E104052AE855E900FC7B3A /* CherryBombOne-Regular.ttf in Resources */ = {isa = PBXBuildFile; fileRef = D8E104042AE855E900FC7B3A /* CherryBombOne-Regular.ttf */; };
		D8E104062AE855E900FC7B3A /* CherryBombOne-Regular.ttf in Resources */ = {isa = PBXBuildFile; fileRef = D8E104042AE855E900FC7B3A /* CherryBombOne-Regular.ttf */; };
		D8E104072AE855E900FC7B3A /* CherryBombOne-Regular.ttf in Resources */ = {isa = PBXBuildFile; fileRef = D8E104042AE855E900FC7B3A /* CherryBombOne-Regular.ttf */; };
		D8E104092AE8560100FC7B3A /* Baloo2-Bold.ttf in Resources */ = {isa = PBXBuildFile; fileRef = D8E104082AE8560100FC7B3A /* Baloo2-Bold.ttf */; };
		D8E1040A2AE8560100FC7B3A /* Baloo2-Bold.ttf in Resources */ = {isa = PBXBuildFile; fileRef = D8E104082AE8560100FC7B3A /* Baloo2-Bold.ttf */; };
		D8E1040B2AE8560100FC7B3A /* Baloo2-Bold.ttf in Resources */ = {isa = PBXBuildFile; fileRef = D8E104082AE8560100FC7B3A /* Baloo2-Bold.ttf */; };
		D8E104102AE8561A00FC7B3A /* Baloo2-ExtraBold.ttf in Resources */ = {isa = PBXBuildFile; fileRef = D8E1040C2AE8561A00FC7B3A /* Baloo2-ExtraBold.ttf */; };
		D8E104112AE8561A00FC7B3A /* Baloo2-ExtraBold.ttf in Resources */ = {isa = PBXBuildFile; fileRef = D8E1040C2AE8561A00FC7B3A /* Baloo2-ExtraBold.ttf */; };
		D8E104122AE8561A00FC7B3A /* Baloo2-ExtraBold.ttf in Resources */ = {isa = PBXBuildFile; fileRef = D8E1040C2AE8561A00FC7B3A /* Baloo2-ExtraBold.ttf */; };
		D8E104132AE8561A00FC7B3A /* Baloo2-Medium.ttf in Resources */ = {isa = PBXBuildFile; fileRef = D8E1040D2AE8561A00FC7B3A /* Baloo2-Medium.ttf */; };
		D8E104142AE8561A00FC7B3A /* Baloo2-Medium.ttf in Resources */ = {isa = PBXBuildFile; fileRef = D8E1040D2AE8561A00FC7B3A /* Baloo2-Medium.ttf */; };
		D8E104152AE8561A00FC7B3A /* Baloo2-Medium.ttf in Resources */ = {isa = PBXBuildFile; fileRef = D8E1040D2AE8561A00FC7B3A /* Baloo2-Medium.ttf */; };
		D8E104162AE8561A00FC7B3A /* Baloo2-Regular.ttf in Resources */ = {isa = PBXBuildFile; fileRef = D8E1040E2AE8561A00FC7B3A /* Baloo2-Regular.ttf */; };
		D8E104172AE8561A00FC7B3A /* Baloo2-Regular.ttf in Resources */ = {isa = PBXBuildFile; fileRef = D8E1040E2AE8561A00FC7B3A /* Baloo2-Regular.ttf */; };
		D8E104182AE8561A00FC7B3A /* Baloo2-Regular.ttf in Resources */ = {isa = PBXBuildFile; fileRef = D8E1040E2AE8561A00FC7B3A /* Baloo2-Regular.ttf */; };
		D8E104192AE8561A00FC7B3A /* Baloo2-SemiBold.ttf in Resources */ = {isa = PBXBuildFile; fileRef = D8E1040F2AE8561A00FC7B3A /* Baloo2-SemiBold.ttf */; };
		D8E1041A2AE8561A00FC7B3A /* Baloo2-SemiBold.ttf in Resources */ = {isa = PBXBuildFile; fileRef = D8E1040F2AE8561A00FC7B3A /* Baloo2-SemiBold.ttf */; };
		D8E1041B2AE8561A00FC7B3A /* Baloo2-SemiBold.ttf in Resources */ = {isa = PBXBuildFile; fileRef = D8E1040F2AE8561A00FC7B3A /* Baloo2-SemiBold.ttf */; };
		D8E104212AE85C8D00FC7B3A /* Fonts.swift in Sources */ = {isa = PBXBuildFile; fileRef = D8E104202AE85C8D00FC7B3A /* Fonts.swift */; };
		D8E104222AE85C8D00FC7B3A /* Fonts.swift in Sources */ = {isa = PBXBuildFile; fileRef = D8E104202AE85C8D00FC7B3A /* Fonts.swift */; };
		D8E104232AE85C8D00FC7B3A /* Fonts.swift in Sources */ = {isa = PBXBuildFile; fileRef = D8E104202AE85C8D00FC7B3A /* Fonts.swift */; };
		D8E104252AE98A7000FC7B3A /* NamingPet.swift in Sources */ = {isa = PBXBuildFile; fileRef = D8E104242AE98A7000FC7B3A /* NamingPet.swift */; };
		D8E1042F2AE9994300FC7B3A /* StyleDictionaryButton.swift in Sources */ = {isa = PBXBuildFile; fileRef = D8E1042E2AE9994300FC7B3A /* StyleDictionaryButton.swift */; };
		D8E104302AE9994300FC7B3A /* StyleDictionaryButton.swift in Sources */ = {isa = PBXBuildFile; fileRef = D8E1042E2AE9994300FC7B3A /* StyleDictionaryButton.swift */; };
		D8E104312AE9994300FC7B3A /* StyleDictionaryButton.swift in Sources */ = {isa = PBXBuildFile; fileRef = D8E1042E2AE9994300FC7B3A /* StyleDictionaryButton.swift */; };
		D8E104332AE99D2F00FC7B3A /* Buttons.swift in Sources */ = {isa = PBXBuildFile; fileRef = D8E104322AE99D2F00FC7B3A /* Buttons.swift */; };
		D8E104342AE99D2F00FC7B3A /* Buttons.swift in Sources */ = {isa = PBXBuildFile; fileRef = D8E104322AE99D2F00FC7B3A /* Buttons.swift */; };
		D8E104352AE99D2F00FC7B3A /* Buttons.swift in Sources */ = {isa = PBXBuildFile; fileRef = D8E104322AE99D2F00FC7B3A /* Buttons.swift */; };
		D8E104382AE9AB3B00FC7B3A /* Persistence.swift in Sources */ = {isa = PBXBuildFile; fileRef = D8249EB52AE70A9C0008AD7D /* Persistence.swift */; };
		D8E104392AE9AB3B00FC7B3A /* Persistence.swift in Sources */ = {isa = PBXBuildFile; fileRef = D8249EB52AE70A9C0008AD7D /* Persistence.swift */; };
		D8E104432AEC2BFF00FC7B3A /* FriendshipBarComponent.swift in Sources */ = {isa = PBXBuildFile; fileRef = D8E104422AEC2BFF00FC7B3A /* FriendshipBarComponent.swift */; };
		D8E104442AEC2BFF00FC7B3A /* FriendshipBarComponent.swift in Sources */ = {isa = PBXBuildFile; fileRef = D8E104422AEC2BFF00FC7B3A /* FriendshipBarComponent.swift */; };
		D8E104452AEC2BFF00FC7B3A /* FriendshipBarComponent.swift in Sources */ = {isa = PBXBuildFile; fileRef = D8E104422AEC2BFF00FC7B3A /* FriendshipBarComponent.swift */; };
		D8E104472AEC2FC900FC7B3A /* XPBarComponent.swift in Sources */ = {isa = PBXBuildFile; fileRef = D8E104462AEC2FC900FC7B3A /* XPBarComponent.swift */; };
		D8E104482AEC2FC900FC7B3A /* XPBarComponent.swift in Sources */ = {isa = PBXBuildFile; fileRef = D8E104462AEC2FC900FC7B3A /* XPBarComponent.swift */; };
		D8E104492AEC2FC900FC7B3A /* XPBarComponent.swift in Sources */ = {isa = PBXBuildFile; fileRef = D8E104462AEC2FC900FC7B3A /* XPBarComponent.swift */; };
		FDD6E3B42AE87EA4007D3D45 /* Item+CoreDataClass.swift in Sources */ = {isa = PBXBuildFile; fileRef = FDD6E3AC2AE87EA4007D3D45 /* Item+CoreDataClass.swift */; };
		FDD6E3B52AE87EA4007D3D45 /* Item+CoreDataClass.swift in Sources */ = {isa = PBXBuildFile; fileRef = FDD6E3AC2AE87EA4007D3D45 /* Item+CoreDataClass.swift */; };
		FDD6E3B62AE87EA4007D3D45 /* Item+CoreDataClass.swift in Sources */ = {isa = PBXBuildFile; fileRef = FDD6E3AC2AE87EA4007D3D45 /* Item+CoreDataClass.swift */; };
		FDD6E3B72AE87EA4007D3D45 /* Item+CoreDataProperties.swift in Sources */ = {isa = PBXBuildFile; fileRef = FDD6E3AD2AE87EA4007D3D45 /* Item+CoreDataProperties.swift */; };
		FDD6E3B82AE87EA4007D3D45 /* Item+CoreDataProperties.swift in Sources */ = {isa = PBXBuildFile; fileRef = FDD6E3AD2AE87EA4007D3D45 /* Item+CoreDataProperties.swift */; };
		FDD6E3B92AE87EA4007D3D45 /* Item+CoreDataProperties.swift in Sources */ = {isa = PBXBuildFile; fileRef = FDD6E3AD2AE87EA4007D3D45 /* Item+CoreDataProperties.swift */; };
		FDD6E3BA2AE87EA4007D3D45 /* Pet+CoreDataClass.swift in Sources */ = {isa = PBXBuildFile; fileRef = FDD6E3AE2AE87EA4007D3D45 /* Pet+CoreDataClass.swift */; };
		FDD6E3BB2AE87EA4007D3D45 /* Pet+CoreDataClass.swift in Sources */ = {isa = PBXBuildFile; fileRef = FDD6E3AE2AE87EA4007D3D45 /* Pet+CoreDataClass.swift */; };
		FDD6E3BC2AE87EA4007D3D45 /* Pet+CoreDataClass.swift in Sources */ = {isa = PBXBuildFile; fileRef = FDD6E3AE2AE87EA4007D3D45 /* Pet+CoreDataClass.swift */; };
		FDD6E3BD2AE87EA4007D3D45 /* Pet+CoreDataProperties.swift in Sources */ = {isa = PBXBuildFile; fileRef = FDD6E3AF2AE87EA4007D3D45 /* Pet+CoreDataProperties.swift */; };
		FDD6E3BE2AE87EA4007D3D45 /* Pet+CoreDataProperties.swift in Sources */ = {isa = PBXBuildFile; fileRef = FDD6E3AF2AE87EA4007D3D45 /* Pet+CoreDataProperties.swift */; };
		FDD6E3BF2AE87EA4007D3D45 /* Pet+CoreDataProperties.swift in Sources */ = {isa = PBXBuildFile; fileRef = FDD6E3AF2AE87EA4007D3D45 /* Pet+CoreDataProperties.swift */; };
		FDD6E3C02AE87EA4007D3D45 /* VirtualPet+CoreDataClass.swift in Sources */ = {isa = PBXBuildFile; fileRef = FDD6E3B02AE87EA4007D3D45 /* VirtualPet+CoreDataClass.swift */; };
		FDD6E3C12AE87EA4007D3D45 /* VirtualPet+CoreDataClass.swift in Sources */ = {isa = PBXBuildFile; fileRef = FDD6E3B02AE87EA4007D3D45 /* VirtualPet+CoreDataClass.swift */; };
		FDD6E3C22AE87EA4007D3D45 /* VirtualPet+CoreDataClass.swift in Sources */ = {isa = PBXBuildFile; fileRef = FDD6E3B02AE87EA4007D3D45 /* VirtualPet+CoreDataClass.swift */; };
		FDD6E3C32AE87EA4007D3D45 /* VirtualPet+CoreDataProperties.swift in Sources */ = {isa = PBXBuildFile; fileRef = FDD6E3B12AE87EA4007D3D45 /* VirtualPet+CoreDataProperties.swift */; };
		FDD6E3C42AE87EA4007D3D45 /* VirtualPet+CoreDataProperties.swift in Sources */ = {isa = PBXBuildFile; fileRef = FDD6E3B12AE87EA4007D3D45 /* VirtualPet+CoreDataProperties.swift */; };
		FDD6E3C52AE87EA4007D3D45 /* VirtualPet+CoreDataProperties.swift in Sources */ = {isa = PBXBuildFile; fileRef = FDD6E3B12AE87EA4007D3D45 /* VirtualPet+CoreDataProperties.swift */; };
		FDD6E3C62AE87EA4007D3D45 /* User+CoreDataClass.swift in Sources */ = {isa = PBXBuildFile; fileRef = FDD6E3B22AE87EA4007D3D45 /* User+CoreDataClass.swift */; };
		FDD6E3C72AE87EA4007D3D45 /* User+CoreDataClass.swift in Sources */ = {isa = PBXBuildFile; fileRef = FDD6E3B22AE87EA4007D3D45 /* User+CoreDataClass.swift */; };
		FDD6E3C82AE87EA4007D3D45 /* User+CoreDataClass.swift in Sources */ = {isa = PBXBuildFile; fileRef = FDD6E3B22AE87EA4007D3D45 /* User+CoreDataClass.swift */; };
		FDD6E3C92AE87EA4007D3D45 /* User+CoreDataProperties.swift in Sources */ = {isa = PBXBuildFile; fileRef = FDD6E3B32AE87EA4007D3D45 /* User+CoreDataProperties.swift */; };
		FDD6E3CA2AE87EA4007D3D45 /* User+CoreDataProperties.swift in Sources */ = {isa = PBXBuildFile; fileRef = FDD6E3B32AE87EA4007D3D45 /* User+CoreDataProperties.swift */; };
		FDD6E3CB2AE87EA4007D3D45 /* User+CoreDataProperties.swift in Sources */ = {isa = PBXBuildFile; fileRef = FDD6E3B32AE87EA4007D3D45 /* User+CoreDataProperties.swift */; };
		FDD6E3D32AE98A74007D3D45 /* NeedsBarComponents.swift in Sources */ = {isa = PBXBuildFile; fileRef = FDD6E3D22AE98A74007D3D45 /* NeedsBarComponents.swift */; };
		FDD6E3D62AE98B52007D3D45 /* Lists+CoreDataClass.swift in Sources */ = {isa = PBXBuildFile; fileRef = FDD6E3D42AE98B52007D3D45 /* Lists+CoreDataClass.swift */; };
		FDD6E3D72AE98B52007D3D45 /* Lists+CoreDataClass.swift in Sources */ = {isa = PBXBuildFile; fileRef = FDD6E3D42AE98B52007D3D45 /* Lists+CoreDataClass.swift */; };
		FDD6E3D82AE98B52007D3D45 /* Lists+CoreDataClass.swift in Sources */ = {isa = PBXBuildFile; fileRef = FDD6E3D42AE98B52007D3D45 /* Lists+CoreDataClass.swift */; };
		FDD6E3D92AE98B52007D3D45 /* Lists+CoreDataProperties.swift in Sources */ = {isa = PBXBuildFile; fileRef = FDD6E3D52AE98B52007D3D45 /* Lists+CoreDataProperties.swift */; };
		FDD6E3DA2AE98B52007D3D45 /* Lists+CoreDataProperties.swift in Sources */ = {isa = PBXBuildFile; fileRef = FDD6E3D52AE98B52007D3D45 /* Lists+CoreDataProperties.swift */; };
		FDD6E3DB2AE98B52007D3D45 /* Lists+CoreDataProperties.swift in Sources */ = {isa = PBXBuildFile; fileRef = FDD6E3D52AE98B52007D3D45 /* Lists+CoreDataProperties.swift */; };
		FDD6E3DD2AE98C85007D3D45 /* NeedsBarViewModel.swift in Sources */ = {isa = PBXBuildFile; fileRef = FDD6E3DC2AE98C85007D3D45 /* NeedsBarViewModel.swift */; };
		FDD6E3DE2AE98C85007D3D45 /* NeedsBarViewModel.swift in Sources */ = {isa = PBXBuildFile; fileRef = FDD6E3DC2AE98C85007D3D45 /* NeedsBarViewModel.swift */; };
		FDD6E3DF2AE98C85007D3D45 /* NeedsBarViewModel.swift in Sources */ = {isa = PBXBuildFile; fileRef = FDD6E3DC2AE98C85007D3D45 /* NeedsBarViewModel.swift */; };
/* End PBXBuildFile section */

/* Begin PBXContainerItemProxy section */
		D8249EDC2AE70B450008AD7D /* PBXContainerItemProxy */ = {
			isa = PBXContainerItemProxy;
			containerPortal = D8249EA82AE70A9C0008AD7D /* Project object */;
			proxyType = 1;
			remoteGlobalIDString = D8249ED92AE70B450008AD7D;
			remoteInfo = "VirtualPetAppleWatch Watch App";
		};
/* End PBXContainerItemProxy section */

/* Begin PBXCopyFilesBuildPhase section */
		D8249EEB2AE70B460008AD7D /* Embed Watch Content */ = {
			isa = PBXCopyFilesBuildPhase;
			buildActionMask = 2147483647;
			dstPath = "$(CONTENTS_FOLDER_PATH)/Watch";
			dstSubfolderSpec = 16;
			files = (
				D8249EDB2AE70B450008AD7D /* VirtualPetAppleWatch Watch App.app in Embed Watch Content */,
			);
			name = "Embed Watch Content";
			runOnlyForDeploymentPostprocessing = 0;
		};
/* End PBXCopyFilesBuildPhase section */

/* Begin PBXFileReference section */
		4C76183E2AE9817600AB5280 /* WardrobeView.swift */ = {isa = PBXFileReference; lastKnownFileType = sourcecode.swift; path = WardrobeView.swift; sourceTree = "<group>"; };
		4C7618402AE99DD500AB5280 /* AccessoryComponent.swift */ = {isa = PBXFileReference; lastKnownFileType = sourcecode.swift; path = AccessoryComponent.swift; sourceTree = "<group>"; };
		4C7618422AE9D39100AB5280 /* DataController.swift */ = {isa = PBXFileReference; lastKnownFileType = sourcecode.swift; path = DataController.swift; sourceTree = "<group>"; };
		7C4BFF302AE98DC500096106 /* MainroomView.swift */ = {isa = PBXFileReference; lastKnownFileType = sourcecode.swift; path = MainroomView.swift; sourceTree = "<group>"; };
		7CABA4B52AE83FFF00192655 /* Constants.swift */ = {isa = PBXFileReference; lastKnownFileType = sourcecode.swift; path = Constants.swift; sourceTree = "<group>"; };
		7CABA4B72AE8472400192655 /* TabbarView.swift */ = {isa = PBXFileReference; lastKnownFileType = sourcecode.swift; path = TabbarView.swift; sourceTree = "<group>"; };
		7CABA4BA2AE84BFA00192655 /* KitchenView.swift */ = {isa = PBXFileReference; lastKnownFileType = sourcecode.swift; path = KitchenView.swift; sourceTree = "<group>"; };
		7CABA4BC2AE84C1000192655 /* BathroomView.swift */ = {isa = PBXFileReference; lastKnownFileType = sourcecode.swift; path = BathroomView.swift; sourceTree = "<group>"; };
		7CABA4BE2AE84C2500192655 /* BedroomView.swift */ = {isa = PBXFileReference; lastKnownFileType = sourcecode.swift; path = BedroomView.swift; sourceTree = "<group>"; };
		7CABA4C02AE84C3D00192655 /* GardenView.swift */ = {isa = PBXFileReference; lastKnownFileType = sourcecode.swift; path = GardenView.swift; sourceTree = "<group>"; };
		D8249EB02AE70A9C0008AD7D /* VirtualPet.app */ = {isa = PBXFileReference; explicitFileType = wrapper.application; includeInIndex = 0; path = VirtualPet.app; sourceTree = BUILT_PRODUCTS_DIR; };
		D8249EB32AE70A9C0008AD7D /* VirtualPetApp.swift */ = {isa = PBXFileReference; lastKnownFileType = sourcecode.swift; path = VirtualPetApp.swift; sourceTree = "<group>"; };
		D8249EB52AE70A9C0008AD7D /* Persistence.swift */ = {isa = PBXFileReference; lastKnownFileType = sourcecode.swift; path = Persistence.swift; sourceTree = "<group>"; };
		D8249EB82AE70A9C0008AD7D /* VirtualPet.xcdatamodel */ = {isa = PBXFileReference; lastKnownFileType = wrapper.xcdatamodel; path = VirtualPet.xcdatamodel; sourceTree = "<group>"; };
		D8249EBA2AE70A9C0008AD7D /* ContentView.swift */ = {isa = PBXFileReference; lastKnownFileType = sourcecode.swift; path = ContentView.swift; sourceTree = "<group>"; };
		D8249EBC2AE70A9D0008AD7D /* Assets.xcassets */ = {isa = PBXFileReference; lastKnownFileType = folder.assetcatalog; path = Assets.xcassets; sourceTree = "<group>"; };
		D8249EBE2AE70A9D0008AD7D /* VirtualPet.entitlements */ = {isa = PBXFileReference; lastKnownFileType = text.plist.entitlements; path = VirtualPet.entitlements; sourceTree = "<group>"; };
		D8249EC02AE70A9D0008AD7D /* Preview Assets.xcassets */ = {isa = PBXFileReference; lastKnownFileType = folder.assetcatalog; path = "Preview Assets.xcassets"; sourceTree = "<group>"; };
		D8249ECB2AE70B430008AD7D /* VirtualPetAppleWatch.app */ = {isa = PBXFileReference; explicitFileType = wrapper.application; includeInIndex = 0; path = VirtualPetAppleWatch.app; sourceTree = BUILT_PRODUCTS_DIR; };
		D8249ECD2AE70B430008AD7D /* VirtualPetAppleWatchApp.swift */ = {isa = PBXFileReference; lastKnownFileType = sourcecode.swift; path = VirtualPetAppleWatchApp.swift; sourceTree = "<group>"; };
		D8249ECF2AE70B430008AD7D /* ContentView.swift */ = {isa = PBXFileReference; lastKnownFileType = sourcecode.swift; path = ContentView.swift; sourceTree = "<group>"; };
		D8249ED12AE70B450008AD7D /* Assets.xcassets */ = {isa = PBXFileReference; lastKnownFileType = folder.assetcatalog; path = Assets.xcassets; sourceTree = "<group>"; };
		D8249ED42AE70B450008AD7D /* Preview Assets.xcassets */ = {isa = PBXFileReference; lastKnownFileType = folder.assetcatalog; path = "Preview Assets.xcassets"; sourceTree = "<group>"; };
		D8249EDA2AE70B450008AD7D /* VirtualPetAppleWatch Watch App.app */ = {isa = PBXFileReference; explicitFileType = wrapper.application; includeInIndex = 0; path = "VirtualPetAppleWatch Watch App.app"; sourceTree = BUILT_PRODUCTS_DIR; };
		D8249EDF2AE70B450008AD7D /* VirtualPetAppleWatchApp.swift */ = {isa = PBXFileReference; lastKnownFileType = sourcecode.swift; path = VirtualPetAppleWatchApp.swift; sourceTree = "<group>"; };
		D8249EE12AE70B450008AD7D /* ContentView.swift */ = {isa = PBXFileReference; lastKnownFileType = sourcecode.swift; path = ContentView.swift; sourceTree = "<group>"; };
		D8249EE32AE70B460008AD7D /* Assets.xcassets */ = {isa = PBXFileReference; lastKnownFileType = folder.assetcatalog; path = Assets.xcassets; sourceTree = "<group>"; };
		D8249EE62AE70B460008AD7D /* Preview Assets.xcassets */ = {isa = PBXFileReference; lastKnownFileType = folder.assetcatalog; path = "Preview Assets.xcassets"; sourceTree = "<group>"; };
		D8249EF12AE70C680008AD7D /* Enums.swift */ = {isa = PBXFileReference; lastKnownFileType = sourcecode.swift; path = Enums.swift; sourceTree = "<group>"; };
		D8E103F12AE83B1500FC7B3A /* EggSelectionView.swift */ = {isa = PBXFileReference; lastKnownFileType = sourcecode.swift; path = EggSelectionView.swift; sourceTree = "<group>"; };
		D8E103FC2AE855BB00FC7B3A /* Silkscreen-Bold.ttf */ = {isa = PBXFileReference; lastKnownFileType = file; path = "Silkscreen-Bold.ttf"; sourceTree = "<group>"; };
		D8E104002AE855D400FC7B3A /* Silkscreen-Regular.ttf */ = {isa = PBXFileReference; lastKnownFileType = file; path = "Silkscreen-Regular.ttf"; sourceTree = "<group>"; };
		D8E104042AE855E900FC7B3A /* CherryBombOne-Regular.ttf */ = {isa = PBXFileReference; lastKnownFileType = file; path = "CherryBombOne-Regular.ttf"; sourceTree = "<group>"; };
		D8E104082AE8560100FC7B3A /* Baloo2-Bold.ttf */ = {isa = PBXFileReference; lastKnownFileType = file; path = "Baloo2-Bold.ttf"; sourceTree = "<group>"; };
		D8E1040C2AE8561A00FC7B3A /* Baloo2-ExtraBold.ttf */ = {isa = PBXFileReference; lastKnownFileType = file; path = "Baloo2-ExtraBold.ttf"; sourceTree = "<group>"; };
		D8E1040D2AE8561A00FC7B3A /* Baloo2-Medium.ttf */ = {isa = PBXFileReference; lastKnownFileType = file; path = "Baloo2-Medium.ttf"; sourceTree = "<group>"; };
		D8E1040E2AE8561A00FC7B3A /* Baloo2-Regular.ttf */ = {isa = PBXFileReference; lastKnownFileType = file; path = "Baloo2-Regular.ttf"; sourceTree = "<group>"; };
		D8E1040F2AE8561A00FC7B3A /* Baloo2-SemiBold.ttf */ = {isa = PBXFileReference; lastKnownFileType = file; path = "Baloo2-SemiBold.ttf"; sourceTree = "<group>"; };
		D8E1041C2AE856AB00FC7B3A /* Info.plist */ = {isa = PBXFileReference; lastKnownFileType = text.plist.xml; path = Info.plist; sourceTree = "<group>"; };
		D8E104202AE85C8D00FC7B3A /* Fonts.swift */ = {isa = PBXFileReference; lastKnownFileType = sourcecode.swift; path = Fonts.swift; sourceTree = "<group>"; };
		D8E104242AE98A7000FC7B3A /* NamingPet.swift */ = {isa = PBXFileReference; lastKnownFileType = sourcecode.swift; path = NamingPet.swift; sourceTree = "<group>"; };
		D8E1042E2AE9994300FC7B3A /* StyleDictionaryButton.swift */ = {isa = PBXFileReference; lastKnownFileType = sourcecode.swift; path = StyleDictionaryButton.swift; sourceTree = "<group>"; };
		D8E104322AE99D2F00FC7B3A /* Buttons.swift */ = {isa = PBXFileReference; lastKnownFileType = sourcecode.swift; path = Buttons.swift; sourceTree = "<group>"; };
		D8E104422AEC2BFF00FC7B3A /* FriendshipBarComponent.swift */ = {isa = PBXFileReference; lastKnownFileType = sourcecode.swift; path = FriendshipBarComponent.swift; sourceTree = "<group>"; };
		D8E104462AEC2FC900FC7B3A /* XPBarComponent.swift */ = {isa = PBXFileReference; lastKnownFileType = sourcecode.swift; path = XPBarComponent.swift; sourceTree = "<group>"; };
		FDD6E3AC2AE87EA4007D3D45 /* Item+CoreDataClass.swift */ = {isa = PBXFileReference; lastKnownFileType = sourcecode.swift; path = "Item+CoreDataClass.swift"; sourceTree = "<group>"; };
		FDD6E3AD2AE87EA4007D3D45 /* Item+CoreDataProperties.swift */ = {isa = PBXFileReference; lastKnownFileType = sourcecode.swift; path = "Item+CoreDataProperties.swift"; sourceTree = "<group>"; };
		FDD6E3AE2AE87EA4007D3D45 /* Pet+CoreDataClass.swift */ = {isa = PBXFileReference; lastKnownFileType = sourcecode.swift; path = "Pet+CoreDataClass.swift"; sourceTree = "<group>"; };
		FDD6E3AF2AE87EA4007D3D45 /* Pet+CoreDataProperties.swift */ = {isa = PBXFileReference; lastKnownFileType = sourcecode.swift; path = "Pet+CoreDataProperties.swift"; sourceTree = "<group>"; };
		FDD6E3B02AE87EA4007D3D45 /* VirtualPet+CoreDataClass.swift */ = {isa = PBXFileReference; lastKnownFileType = sourcecode.swift; path = "VirtualPet+CoreDataClass.swift"; sourceTree = "<group>"; };
		FDD6E3B12AE87EA4007D3D45 /* VirtualPet+CoreDataProperties.swift */ = {isa = PBXFileReference; lastKnownFileType = sourcecode.swift; path = "VirtualPet+CoreDataProperties.swift"; sourceTree = "<group>"; };
		FDD6E3B22AE87EA4007D3D45 /* User+CoreDataClass.swift */ = {isa = PBXFileReference; lastKnownFileType = sourcecode.swift; path = "User+CoreDataClass.swift"; sourceTree = "<group>"; };
		FDD6E3B32AE87EA4007D3D45 /* User+CoreDataProperties.swift */ = {isa = PBXFileReference; lastKnownFileType = sourcecode.swift; path = "User+CoreDataProperties.swift"; sourceTree = "<group>"; };
		FDD6E3D22AE98A74007D3D45 /* NeedsBarComponents.swift */ = {isa = PBXFileReference; lastKnownFileType = sourcecode.swift; path = NeedsBarComponents.swift; sourceTree = "<group>"; };
		FDD6E3D42AE98B52007D3D45 /* Lists+CoreDataClass.swift */ = {isa = PBXFileReference; lastKnownFileType = sourcecode.swift; path = "Lists+CoreDataClass.swift"; sourceTree = "<group>"; };
		FDD6E3D52AE98B52007D3D45 /* Lists+CoreDataProperties.swift */ = {isa = PBXFileReference; lastKnownFileType = sourcecode.swift; path = "Lists+CoreDataProperties.swift"; sourceTree = "<group>"; };
		FDD6E3DC2AE98C85007D3D45 /* NeedsBarViewModel.swift */ = {isa = PBXFileReference; lastKnownFileType = sourcecode.swift; path = NeedsBarViewModel.swift; sourceTree = "<group>"; };
/* End PBXFileReference section */

/* Begin PBXFrameworksBuildPhase section */
		D8249EAD2AE70A9C0008AD7D /* Frameworks */ = {
			isa = PBXFrameworksBuildPhase;
			buildActionMask = 2147483647;
			files = (
			);
			runOnlyForDeploymentPostprocessing = 0;
		};
		D8249EC82AE70B430008AD7D /* Frameworks */ = {
			isa = PBXFrameworksBuildPhase;
			buildActionMask = 2147483647;
			files = (
			);
			runOnlyForDeploymentPostprocessing = 0;
		};
		D8249ED72AE70B450008AD7D /* Frameworks */ = {
			isa = PBXFrameworksBuildPhase;
			buildActionMask = 2147483647;
			files = (
			);
			runOnlyForDeploymentPostprocessing = 0;
		};
/* End PBXFrameworksBuildPhase section */

/* Begin PBXGroup section */
		7CABA4B92AE84BE400192655 /* Enviroments */ = {
		4C76183C2AE9815400AB5280 /* Flow */ = {
			isa = PBXGroup;
			children = (
				4C76183D2AE9815900AB5280 /* Wardrobe */,
			);
			path = Flow;
			sourceTree = "<group>";
		};
		4C76183D2AE9815900AB5280 /* Wardrobe */ = {
			isa = PBXGroup;
			children = (
				4C76183E2AE9817600AB5280 /* WardrobeView.swift */,
				4C7618402AE99DD500AB5280 /* AccessoryComponent.swift */,
			);
			path = Wardrobe;
		7CABA4B92AE84BE400192655 /* Enviroment */ = {
			isa = PBXGroup;
			children = (
				7CABA4BA2AE84BFA00192655 /* KitchenView.swift */,
				7CABA4BC2AE84C1000192655 /* BathroomView.swift */,
				7CABA4BE2AE84C2500192655 /* BedroomView.swift */,
				7CABA4C02AE84C3D00192655 /* GardenView.swift */,
				7C4BFF302AE98DC500096106 /* MainroomView.swift */,
			);
			path = Enviroments;
			sourceTree = "<group>";
		};
		D8249EA72AE70A9C0008AD7D = {
			isa = PBXGroup;
			children = (
				D8249EB22AE70A9C0008AD7D /* VirtualPet */,
				D8249ECC2AE70B430008AD7D /* VirtualPetAppleWatch */,
				D8249EDE2AE70B450008AD7D /* VirtualPetAppleWatch Watch App */,
				D8249EB12AE70A9C0008AD7D /* Products */,
			);
			sourceTree = "<group>";
		};
		D8249EB12AE70A9C0008AD7D /* Products */ = {
			isa = PBXGroup;
			children = (
				D8249EB02AE70A9C0008AD7D /* VirtualPet.app */,
				D8249ECB2AE70B430008AD7D /* VirtualPetAppleWatch.app */,
				D8249EDA2AE70B450008AD7D /* VirtualPetAppleWatch Watch App.app */,
			);
			name = Products;
			sourceTree = "<group>";
		};
		D8249EB22AE70A9C0008AD7D /* VirtualPet */ = {
			isa = PBXGroup;
			children = (
				D8249EBE2AE70A9D0008AD7D /* VirtualPet.entitlements */,
				D8E1041C2AE856AB00FC7B3A /* Info.plist */,
				D8E104362AE9AA6A00FC7B3A /* CoreData */,
				D8E1041D2AE8581800FC7B3A /* shared */,
				7CABA4B92AE84BE400192655 /* Enviroments */,
				D8E103F12AE83B1500FC7B3A /* EggSelectionView.swift */,
				D8249EB32AE70A9C0008AD7D /* VirtualPetApp.swift */,
				4C7618422AE9D39100AB5280 /* DataController.swift */,
				D8E103F02AE83B0200FC7B3A /* Onboarding */,
				D8249EB32AE70A9C0008AD7D /* VirtualPetApp.swift */,
				D8249EBA2AE70A9C0008AD7D /* ContentView.swift */,
				D8249EF12AE70C680008AD7D /* Enums.swift */,
				D8249EBC2AE70A9D0008AD7D /* Assets.xcassets */,
				7CABA4B52AE83FFF00192655 /* Constants.swift */,
				7CABA4B72AE8472400192655 /* TabbarView.swift */,
				D8249EBF2AE70A9D0008AD7D /* Preview Content */,
			);
			path = VirtualPet;
			sourceTree = "<group>";
		};
		D8249EBF2AE70A9D0008AD7D /* Preview Content */ = {
			isa = PBXGroup;
			children = (
				D8249EC02AE70A9D0008AD7D /* Preview Assets.xcassets */,
			);
			path = "Preview Content";
			sourceTree = "<group>";
		};
		D8249ECC2AE70B430008AD7D /* VirtualPetAppleWatch */ = {
			isa = PBXGroup;
			children = (
				D8249ECD2AE70B430008AD7D /* VirtualPetAppleWatchApp.swift */,
				D8249ECF2AE70B430008AD7D /* ContentView.swift */,
				D8249ED12AE70B450008AD7D /* Assets.xcassets */,
				D8249ED32AE70B450008AD7D /* Preview Content */,
			);
			path = VirtualPetAppleWatch;
			sourceTree = "<group>";
		};
		D8249ED32AE70B450008AD7D /* Preview Content */ = {
			isa = PBXGroup;
			children = (
				D8249ED42AE70B450008AD7D /* Preview Assets.xcassets */,
			);
			path = "Preview Content";
			sourceTree = "<group>";
		};
		D8249EDE2AE70B450008AD7D /* VirtualPetAppleWatch Watch App */ = {
			isa = PBXGroup;
			children = (
				D8249EDF2AE70B450008AD7D /* VirtualPetAppleWatchApp.swift */,
				D8249EE12AE70B450008AD7D /* ContentView.swift */,
				D8249EE32AE70B460008AD7D /* Assets.xcassets */,
				D8249EE52AE70B460008AD7D /* Preview Content */,
			);
			path = "VirtualPetAppleWatch Watch App";
			sourceTree = "<group>";
		};
		D8249EE52AE70B460008AD7D /* Preview Content */ = {
			isa = PBXGroup;
			children = (
				D8249EE62AE70B460008AD7D /* Preview Assets.xcassets */,
			);
			path = "Preview Content";
			sourceTree = "<group>";
		};
		D8E103F02AE83B0200FC7B3A /* Onboarding */ = {
			isa = PBXGroup;
			children = (
				D8E103F12AE83B1500FC7B3A /* EggSelectionView.swift */,
				D8E104242AE98A7000FC7B3A /* NamingPet.swift */,
			);
			name = Onboarding;
			path = "VirtualPetAppleWatch Watch App/Onboarding";
			sourceTree = SOURCE_ROOT;
		};
		D8E103FB2AE8557600FC7B3A /* Fonts */ = {
			isa = PBXGroup;
			children = (
				D8E1040C2AE8561A00FC7B3A /* Baloo2-ExtraBold.ttf */,
				D8E1040D2AE8561A00FC7B3A /* Baloo2-Medium.ttf */,
				D8E1040E2AE8561A00FC7B3A /* Baloo2-Regular.ttf */,
				D8E1040F2AE8561A00FC7B3A /* Baloo2-SemiBold.ttf */,
				D8E104082AE8560100FC7B3A /* Baloo2-Bold.ttf */,
				D8E104042AE855E900FC7B3A /* CherryBombOne-Regular.ttf */,
				D8E104002AE855D400FC7B3A /* Silkscreen-Regular.ttf */,
				D8E103FC2AE855BB00FC7B3A /* Silkscreen-Bold.ttf */,
			);
			path = Fonts;
			sourceTree = "<group>";
		};
		D8E1041D2AE8581800FC7B3A /* shared */ = {
			isa = PBXGroup;
			children = (
				D8E104372AE9AAF100FC7B3A /* Components */,
				4C76183C2AE9815400AB5280 /* Flow */,
				D8E1041F2AE85BCE00FC7B3A /* Extensions */,
				D8E103FB2AE8557600FC7B3A /* Fonts */,
				D8E1041E2AE8582300FC7B3A /* StyleDictionary */,
			);
			path = shared;
			sourceTree = "<group>";
		};
		D8E1041E2AE8582300FC7B3A /* StyleDictionary */ = {
			isa = PBXGroup;
			children = (
				D8E1042E2AE9994300FC7B3A /* StyleDictionaryButton.swift */,
			);
			path = StyleDictionary;
			sourceTree = "<group>";
		};
		D8E1041F2AE85BCE00FC7B3A /* Extensions */ = {
			isa = PBXGroup;
			children = (
				D8E104202AE85C8D00FC7B3A /* Fonts.swift */,
				D8E104322AE99D2F00FC7B3A /* Buttons.swift */,
			);
			path = Extensions;
			sourceTree = "<group>";
		};
		D8E104362AE9AA6A00FC7B3A /* CoreData */ = {
			isa = PBXGroup;
			children = (
				D8249EB72AE70A9C0008AD7D /* VirtualPet.xcdatamodeld */,
				FDD6E3D52AE98B52007D3D45 /* Lists+CoreDataProperties.swift */,
				FDD6E3AC2AE87EA4007D3D45 /* Item+CoreDataClass.swift */,
				FDD6E3AD2AE87EA4007D3D45 /* Item+CoreDataProperties.swift */,
				FDD6E3AE2AE87EA4007D3D45 /* Pet+CoreDataClass.swift */,
				FDD6E3AF2AE87EA4007D3D45 /* Pet+CoreDataProperties.swift */,
				FDD6E3B02AE87EA4007D3D45 /* VirtualPet+CoreDataClass.swift */,
				FDD6E3B12AE87EA4007D3D45 /* VirtualPet+CoreDataProperties.swift */,
				FDD6E3B22AE87EA4007D3D45 /* User+CoreDataClass.swift */,
				FDD6E3B32AE87EA4007D3D45 /* User+CoreDataProperties.swift */,
				FDD6E3D42AE98B52007D3D45 /* Lists+CoreDataClass.swift */,
				D8249EB52AE70A9C0008AD7D /* Persistence.swift */,
			);
			path = CoreData;
			sourceTree = "<group>";
		};
		D8E104372AE9AAF100FC7B3A /* Components */ = {
			isa = PBXGroup;
			children = (
				D8E1044A2AEC2FD600FC7B3A /* XPBar */,
				D8E104412AEC2BDF00FC7B3A /* FriendshipBar */,
				FDD6E3CE2AE988B9007D3D45 /* Bars */,
			);
			path = Components;
			sourceTree = "<group>";
		};
		D8E104412AEC2BDF00FC7B3A /* FriendshipBar */ = {
			isa = PBXGroup;
			children = (
			);
			path = FriendshipBar;
			sourceTree = "<group>";
		};
		D8E1044A2AEC2FD600FC7B3A /* XPBar */ = {
			isa = PBXGroup;
			children = (
			);
			path = XPBar;
			sourceTree = "<group>";
		};
		FDD6E3CE2AE988B9007D3D45 /* Bars */ = {
			isa = PBXGroup;
			children = (
				D8E104422AEC2BFF00FC7B3A /* FriendshipBarComponent.swift */,
				D8E104462AEC2FC900FC7B3A /* XPBarComponent.swift */,
				FDD6E3D22AE98A74007D3D45 /* NeedsBarComponents.swift */,
				FDD6E3DC2AE98C85007D3D45 /* NeedsBarViewModel.swift */,
			);
			path = Bars;
			sourceTree = "<group>";
		};
/* End PBXGroup section */

/* Begin PBXNativeTarget section */
		D8249EAF2AE70A9C0008AD7D /* VirtualPet */ = {
			isa = PBXNativeTarget;
			buildConfigurationList = D8249EC42AE70A9D0008AD7D /* Build configuration list for PBXNativeTarget "VirtualPet" */;
			buildPhases = (
				D8249EAC2AE70A9C0008AD7D /* Sources */,
				D8249EAD2AE70A9C0008AD7D /* Frameworks */,
				D8249EAE2AE70A9C0008AD7D /* Resources */,
			);
			buildRules = (
			);
			dependencies = (
			);
			name = VirtualPet;
			productName = VirtualPet;
			productReference = D8249EB02AE70A9C0008AD7D /* VirtualPet.app */;
			productType = "com.apple.product-type.application";
		};
		D8249ECA2AE70B430008AD7D /* VirtualPetAppleWatch */ = {
			isa = PBXNativeTarget;
			buildConfigurationList = D8249EEC2AE70B460008AD7D /* Build configuration list for PBXNativeTarget "VirtualPetAppleWatch" */;
			buildPhases = (
				D8249EC72AE70B430008AD7D /* Sources */,
				D8249EC82AE70B430008AD7D /* Frameworks */,
				D8249EC92AE70B430008AD7D /* Resources */,
				D8249EEB2AE70B460008AD7D /* Embed Watch Content */,
			);
			buildRules = (
			);
			dependencies = (
				D8249EDD2AE70B450008AD7D /* PBXTargetDependency */,
			);
			name = VirtualPetAppleWatch;
			productName = VirtualPetAppleWatch;
			productReference = D8249ECB2AE70B430008AD7D /* VirtualPetAppleWatch.app */;
			productType = "com.apple.product-type.application";
		};
		D8249ED92AE70B450008AD7D /* VirtualPetAppleWatch Watch App */ = {
			isa = PBXNativeTarget;
			buildConfigurationList = D8249EE82AE70B460008AD7D /* Build configuration list for PBXNativeTarget "VirtualPetAppleWatch Watch App" */;
			buildPhases = (
				D8249ED62AE70B450008AD7D /* Sources */,
				D8249ED72AE70B450008AD7D /* Frameworks */,
				D8249ED82AE70B450008AD7D /* Resources */,
			);
			buildRules = (
			);
			dependencies = (
			);
			name = "VirtualPetAppleWatch Watch App";
			productName = "VirtualPetAppleWatch Watch App";
			productReference = D8249EDA2AE70B450008AD7D /* VirtualPetAppleWatch Watch App.app */;
			productType = "com.apple.product-type.application";
		};
/* End PBXNativeTarget section */

/* Begin PBXProject section */
		D8249EA82AE70A9C0008AD7D /* Project object */ = {
			isa = PBXProject;
			attributes = {
				BuildIndependentTargetsInParallel = 1;
				LastSwiftUpdateCheck = 1500;
				LastUpgradeCheck = 1500;
				TargetAttributes = {
					D8249EAF2AE70A9C0008AD7D = {
						CreatedOnToolsVersion = 15.0;
					};
					D8249ECA2AE70B430008AD7D = {
						CreatedOnToolsVersion = 15.0;
					};
					D8249ED92AE70B450008AD7D = {
						CreatedOnToolsVersion = 15.0;
					};
				};
			};
			buildConfigurationList = D8249EAB2AE70A9C0008AD7D /* Build configuration list for PBXProject "VirtualPet" */;
			compatibilityVersion = "Xcode 14.0";
			developmentRegion = en;
			hasScannedForEncodings = 0;
			knownRegions = (
				en,
				Base,
			);
			mainGroup = D8249EA72AE70A9C0008AD7D;
			productRefGroup = D8249EB12AE70A9C0008AD7D /* Products */;
			projectDirPath = "";
			projectRoot = "";
			targets = (
				D8249EAF2AE70A9C0008AD7D /* VirtualPet */,
				D8249ECA2AE70B430008AD7D /* VirtualPetAppleWatch */,
				D8249ED92AE70B450008AD7D /* VirtualPetAppleWatch Watch App */,
			);
		};
/* End PBXProject section */

/* Begin PBXResourcesBuildPhase section */
		D8249EAE2AE70A9C0008AD7D /* Resources */ = {
			isa = PBXResourcesBuildPhase;
			buildActionMask = 2147483647;
			files = (
				D8E104162AE8561A00FC7B3A /* Baloo2-Regular.ttf in Resources */,
				D8E103FD2AE855BB00FC7B3A /* Silkscreen-Bold.ttf in Resources */,
				D8249EC12AE70A9D0008AD7D /* Preview Assets.xcassets in Resources */,
				D8E104132AE8561A00FC7B3A /* Baloo2-Medium.ttf in Resources */,
				D8E104092AE8560100FC7B3A /* Baloo2-Bold.ttf in Resources */,
				D8E104052AE855E900FC7B3A /* CherryBombOne-Regular.ttf in Resources */,
				D8249EBD2AE70A9D0008AD7D /* Assets.xcassets in Resources */,
				D8E104012AE855D400FC7B3A /* Silkscreen-Regular.ttf in Resources */,
				D8E104192AE8561A00FC7B3A /* Baloo2-SemiBold.ttf in Resources */,
				D8E104102AE8561A00FC7B3A /* Baloo2-ExtraBold.ttf in Resources */,
			);
			runOnlyForDeploymentPostprocessing = 0;
		};
		D8249EC92AE70B430008AD7D /* Resources */ = {
			isa = PBXResourcesBuildPhase;
			buildActionMask = 2147483647;
			files = (
				D8E104172AE8561A00FC7B3A /* Baloo2-Regular.ttf in Resources */,
				D8E103FE2AE855BB00FC7B3A /* Silkscreen-Bold.ttf in Resources */,
				D8249ED52AE70B450008AD7D /* Preview Assets.xcassets in Resources */,
				D8E104142AE8561A00FC7B3A /* Baloo2-Medium.ttf in Resources */,
				D8E1040A2AE8560100FC7B3A /* Baloo2-Bold.ttf in Resources */,
				D8E104062AE855E900FC7B3A /* CherryBombOne-Regular.ttf in Resources */,
				D8249ED22AE70B450008AD7D /* Assets.xcassets in Resources */,
				D8E104022AE855D400FC7B3A /* Silkscreen-Regular.ttf in Resources */,
				D8E1041A2AE8561A00FC7B3A /* Baloo2-SemiBold.ttf in Resources */,
				D8E104112AE8561A00FC7B3A /* Baloo2-ExtraBold.ttf in Resources */,
			);
			runOnlyForDeploymentPostprocessing = 0;
		};
		D8249ED82AE70B450008AD7D /* Resources */ = {
			isa = PBXResourcesBuildPhase;
			buildActionMask = 2147483647;
			files = (
				D8E104182AE8561A00FC7B3A /* Baloo2-Regular.ttf in Resources */,
				D8E103FF2AE855BB00FC7B3A /* Silkscreen-Bold.ttf in Resources */,
				D8249EE72AE70B460008AD7D /* Preview Assets.xcassets in Resources */,
				D8E104152AE8561A00FC7B3A /* Baloo2-Medium.ttf in Resources */,
				D8E1040B2AE8560100FC7B3A /* Baloo2-Bold.ttf in Resources */,
				D8E104072AE855E900FC7B3A /* CherryBombOne-Regular.ttf in Resources */,
				D8249EE42AE70B460008AD7D /* Assets.xcassets in Resources */,
				D8E104032AE855D400FC7B3A /* Silkscreen-Regular.ttf in Resources */,
				D8E1041B2AE8561A00FC7B3A /* Baloo2-SemiBold.ttf in Resources */,
				D8E104122AE8561A00FC7B3A /* Baloo2-ExtraBold.ttf in Resources */,
			);
			runOnlyForDeploymentPostprocessing = 0;
		};
/* End PBXResourcesBuildPhase section */

/* Begin PBXSourcesBuildPhase section */
		D8249EAC2AE70A9C0008AD7D /* Sources */ = {
			isa = PBXSourcesBuildPhase;
			buildActionMask = 2147483647;
			files = (
				D8E104212AE85C8D00FC7B3A /* Fonts.swift in Sources */,
				4C76183F2AE9817600AB5280 /* WardrobeView.swift in Sources */,
				D8249EB42AE70A9C0008AD7D /* VirtualPetApp.swift in Sources */,
				D8E104332AE99D2F00FC7B3A /* Buttons.swift in Sources */,
				7C4BFF312AE98DC500096106 /* MainroomView.swift in Sources */,
				7CABA4BF2AE84C2500192655 /* BedroomView.swift in Sources */,
				D8249EB62AE70A9C0008AD7D /* Persistence.swift in Sources */,
				7CABA4BD2AE84C1000192655 /* BathroomView.swift in Sources */,
				7CABA4B82AE8472400192655 /* TabbarView.swift in Sources */,
				D8249EBB2AE70A9C0008AD7D /* ContentView.swift in Sources */,
				D8E104432AEC2BFF00FC7B3A /* FriendshipBarComponent.swift in Sources */,
				7CABA4C12AE84C3D00192655 /* GardenView.swift in Sources */,
				7CABA4BB2AE84BFA00192655 /* KitchenView.swift in Sources */,
				D8249EF22AE70C680008AD7D /* Enums.swift in Sources */,
				D8E1042F2AE9994300FC7B3A /* StyleDictionaryButton.swift in Sources */,
				D8E104252AE98A7000FC7B3A /* NamingPet.swift in Sources */,
				D8249EB92AE70A9C0008AD7D /* VirtualPet.xcdatamodeld in Sources */,
				7CABA4B62AE83FFF00192655 /* Constants.swift in Sources */,
				FDD6E3D32AE98A74007D3D45 /* NeedsBarComponents.swift in Sources */,
				FDD6E3C32AE87EA4007D3D45 /* VirtualPet+CoreDataProperties.swift in Sources */,
				D8249EB62AE70A9C0008AD7D /* Persistence.swift in Sources */,
				4C7618412AE99DD500AB5280 /* AccessoryComponent.swift in Sources */,
				FDD6E3D92AE98B52007D3D45 /* Lists+CoreDataProperties.swift in Sources */,
				FDD6E3D62AE98B52007D3D45 /* Lists+CoreDataClass.swift in Sources */,
				D8E104472AEC2FC900FC7B3A /* XPBarComponent.swift in Sources */,
				FDD6E3C62AE87EA4007D3D45 /* User+CoreDataClass.swift in Sources */,
				4C7618432AE9D39100AB5280 /* DataController.swift in Sources */,
				FDD6E3B72AE87EA4007D3D45 /* Item+CoreDataProperties.swift in Sources */,
				D8249EBB2AE70A9C0008AD7D /* ContentView.swift in Sources */,
				D8E103F62AE850CA00FC7B3A /* EggSelectionView.swift in Sources */,
				FDD6E3C02AE87EA4007D3D45 /* VirtualPet+CoreDataClass.swift in Sources */,
				D8249EF22AE70C680008AD7D /* Enums.swift in Sources */,
				D8249EB92AE70A9C0008AD7D /* VirtualPet.xcdatamodeld in Sources */,
				FDD6E3DD2AE98C85007D3D45 /* NeedsBarViewModel.swift in Sources */,
				FDD6E3C92AE87EA4007D3D45 /* User+CoreDataProperties.swift in Sources */,
				FDD6E3BD2AE87EA4007D3D45 /* Pet+CoreDataProperties.swift in Sources */,
				FDD6E3B42AE87EA4007D3D45 /* Item+CoreDataClass.swift in Sources */,
				FDD6E3BA2AE87EA4007D3D45 /* Pet+CoreDataClass.swift in Sources */,
			);
			runOnlyForDeploymentPostprocessing = 0;
		};
		D8249EC72AE70B430008AD7D /* Sources */ = {
			isa = PBXSourcesBuildPhase;
			buildActionMask = 2147483647;
			files = (
				D8E104342AE99D2F00FC7B3A /* Buttons.swift in Sources */,
				FDD6E3B52AE87EA4007D3D45 /* Item+CoreDataClass.swift in Sources */,
				D8E104382AE9AB3B00FC7B3A /* Persistence.swift in Sources */,
				D8E104442AEC2BFF00FC7B3A /* FriendshipBarComponent.swift in Sources */,
				FDD6E3C42AE87EA4007D3D45 /* VirtualPet+CoreDataProperties.swift in Sources */,
				D8249ED02AE70B430008AD7D /* ContentView.swift in Sources */,
				FDD6E3BB2AE87EA4007D3D45 /* Pet+CoreDataClass.swift in Sources */,
				FDD6E3B82AE87EA4007D3D45 /* Item+CoreDataProperties.swift in Sources */,
				FDD6E3C72AE87EA4007D3D45 /* User+CoreDataClass.swift in Sources */,
				FDD6E3DE2AE98C85007D3D45 /* NeedsBarViewModel.swift in Sources */,
				D8E104222AE85C8D00FC7B3A /* Fonts.swift in Sources */,
				D8E104302AE9994300FC7B3A /* StyleDictionaryButton.swift in Sources */,
				FDD6E3D72AE98B52007D3D45 /* Lists+CoreDataClass.swift in Sources */,
				D8249ECE2AE70B430008AD7D /* VirtualPetAppleWatchApp.swift in Sources */,
				D8E104482AEC2FC900FC7B3A /* XPBarComponent.swift in Sources */,
				FDD6E3C12AE87EA4007D3D45 /* VirtualPet+CoreDataClass.swift in Sources */,
				FDD6E3CA2AE87EA4007D3D45 /* User+CoreDataProperties.swift in Sources */,
				FDD6E3DA2AE98B52007D3D45 /* Lists+CoreDataProperties.swift in Sources */,
				FDD6E3BE2AE87EA4007D3D45 /* Pet+CoreDataProperties.swift in Sources */,
			);
			runOnlyForDeploymentPostprocessing = 0;
		};
		D8249ED62AE70B450008AD7D /* Sources */ = {
			isa = PBXSourcesBuildPhase;
			buildActionMask = 2147483647;
			files = (
				D8E104352AE99D2F00FC7B3A /* Buttons.swift in Sources */,
				D8E103F42AE84FC600FC7B3A /* VirtualPetAppleWatchApp.swift in Sources */,
				D8E104392AE9AB3B00FC7B3A /* Persistence.swift in Sources */,
				D8E104452AEC2BFF00FC7B3A /* FriendshipBarComponent.swift in Sources */,
				D8E104232AE85C8D00FC7B3A /* Fonts.swift in Sources */,
				D8E104312AE9994300FC7B3A /* StyleDictionaryButton.swift in Sources */,
				FDD6E3B62AE87EA4007D3D45 /* Item+CoreDataClass.swift in Sources */,
				FDD6E3C52AE87EA4007D3D45 /* VirtualPet+CoreDataProperties.swift in Sources */,
				D8249EE22AE70B450008AD7D /* ContentView.swift in Sources */,
				FDD6E3BC2AE87EA4007D3D45 /* Pet+CoreDataClass.swift in Sources */,
				FDD6E3DF2AE98C85007D3D45 /* NeedsBarViewModel.swift in Sources */,
				FDD6E3B92AE87EA4007D3D45 /* Item+CoreDataProperties.swift in Sources */,
				FDD6E3D82AE98B52007D3D45 /* Lists+CoreDataClass.swift in Sources */,
				FDD6E3C82AE87EA4007D3D45 /* User+CoreDataClass.swift in Sources */,
				D8E104492AEC2FC900FC7B3A /* XPBarComponent.swift in Sources */,
				FDD6E3C22AE87EA4007D3D45 /* VirtualPet+CoreDataClass.swift in Sources */,
				FDD6E3CB2AE87EA4007D3D45 /* User+CoreDataProperties.swift in Sources */,
				FDD6E3DB2AE98B52007D3D45 /* Lists+CoreDataProperties.swift in Sources */,
				FDD6E3BF2AE87EA4007D3D45 /* Pet+CoreDataProperties.swift in Sources */,
			);
			runOnlyForDeploymentPostprocessing = 0;
		};
/* End PBXSourcesBuildPhase section */

/* Begin PBXTargetDependency section */
		D8249EDD2AE70B450008AD7D /* PBXTargetDependency */ = {
			isa = PBXTargetDependency;
			target = D8249ED92AE70B450008AD7D /* VirtualPetAppleWatch Watch App */;
			targetProxy = D8249EDC2AE70B450008AD7D /* PBXContainerItemProxy */;
		};
/* End PBXTargetDependency section */

/* Begin XCBuildConfiguration section */
		D8249EC22AE70A9D0008AD7D /* Debug */ = {
			isa = XCBuildConfiguration;
			buildSettings = {
				ALWAYS_SEARCH_USER_PATHS = NO;
				ASSETCATALOG_COMPILER_GENERATE_SWIFT_ASSET_SYMBOL_EXTENSIONS = YES;
				CLANG_ANALYZER_NONNULL = YES;
				CLANG_ANALYZER_NUMBER_OBJECT_CONVERSION = YES_AGGRESSIVE;
				CLANG_CXX_LANGUAGE_STANDARD = "gnu++20";
				CLANG_ENABLE_MODULES = YES;
				CLANG_ENABLE_OBJC_ARC = YES;
				CLANG_ENABLE_OBJC_WEAK = YES;
				CLANG_WARN_BLOCK_CAPTURE_AUTORELEASING = YES;
				CLANG_WARN_BOOL_CONVERSION = YES;
				CLANG_WARN_COMMA = YES;
				CLANG_WARN_CONSTANT_CONVERSION = YES;
				CLANG_WARN_DEPRECATED_OBJC_IMPLEMENTATIONS = YES;
				CLANG_WARN_DIRECT_OBJC_ISA_USAGE = YES_ERROR;
				CLANG_WARN_DOCUMENTATION_COMMENTS = YES;
				CLANG_WARN_EMPTY_BODY = YES;
				CLANG_WARN_ENUM_CONVERSION = YES;
				CLANG_WARN_INFINITE_RECURSION = YES;
				CLANG_WARN_INT_CONVERSION = YES;
				CLANG_WARN_NON_LITERAL_NULL_CONVERSION = YES;
				CLANG_WARN_OBJC_IMPLICIT_RETAIN_SELF = YES;
				CLANG_WARN_OBJC_LITERAL_CONVERSION = YES;
				CLANG_WARN_OBJC_ROOT_CLASS = YES_ERROR;
				CLANG_WARN_QUOTED_INCLUDE_IN_FRAMEWORK_HEADER = YES;
				CLANG_WARN_RANGE_LOOP_ANALYSIS = YES;
				CLANG_WARN_STRICT_PROTOTYPES = YES;
				CLANG_WARN_SUSPICIOUS_MOVE = YES;
				CLANG_WARN_UNGUARDED_AVAILABILITY = YES_AGGRESSIVE;
				CLANG_WARN_UNREACHABLE_CODE = YES;
				CLANG_WARN__DUPLICATE_METHOD_MATCH = YES;
				COPY_PHASE_STRIP = NO;
				DEBUG_INFORMATION_FORMAT = dwarf;
				ENABLE_STRICT_OBJC_MSGSEND = YES;
				ENABLE_TESTABILITY = YES;
				ENABLE_USER_SCRIPT_SANDBOXING = YES;
				GCC_C_LANGUAGE_STANDARD = gnu17;
				GCC_DYNAMIC_NO_PIC = NO;
				GCC_NO_COMMON_BLOCKS = YES;
				GCC_OPTIMIZATION_LEVEL = 0;
				GCC_PREPROCESSOR_DEFINITIONS = (
					"DEBUG=1",
					"$(inherited)",
				);
				GCC_WARN_64_TO_32_BIT_CONVERSION = YES;
				GCC_WARN_ABOUT_RETURN_TYPE = YES_ERROR;
				GCC_WARN_UNDECLARED_SELECTOR = YES;
				GCC_WARN_UNINITIALIZED_AUTOS = YES_AGGRESSIVE;
				GCC_WARN_UNUSED_FUNCTION = YES;
				GCC_WARN_UNUSED_VARIABLE = YES;
				LOCALIZATION_PREFERS_STRING_CATALOGS = YES;
				MTL_ENABLE_DEBUG_INFO = INCLUDE_SOURCE;
				MTL_FAST_MATH = YES;
				ONLY_ACTIVE_ARCH = YES;
				SWIFT_ACTIVE_COMPILATION_CONDITIONS = "DEBUG $(inherited)";
				SWIFT_OPTIMIZATION_LEVEL = "-Onone";
			};
			name = Debug;
		};
		D8249EC32AE70A9D0008AD7D /* Release */ = {
			isa = XCBuildConfiguration;
			buildSettings = {
				ALWAYS_SEARCH_USER_PATHS = NO;
				ASSETCATALOG_COMPILER_GENERATE_SWIFT_ASSET_SYMBOL_EXTENSIONS = YES;
				CLANG_ANALYZER_NONNULL = YES;
				CLANG_ANALYZER_NUMBER_OBJECT_CONVERSION = YES_AGGRESSIVE;
				CLANG_CXX_LANGUAGE_STANDARD = "gnu++20";
				CLANG_ENABLE_MODULES = YES;
				CLANG_ENABLE_OBJC_ARC = YES;
				CLANG_ENABLE_OBJC_WEAK = YES;
				CLANG_WARN_BLOCK_CAPTURE_AUTORELEASING = YES;
				CLANG_WARN_BOOL_CONVERSION = YES;
				CLANG_WARN_COMMA = YES;
				CLANG_WARN_CONSTANT_CONVERSION = YES;
				CLANG_WARN_DEPRECATED_OBJC_IMPLEMENTATIONS = YES;
				CLANG_WARN_DIRECT_OBJC_ISA_USAGE = YES_ERROR;
				CLANG_WARN_DOCUMENTATION_COMMENTS = YES;
				CLANG_WARN_EMPTY_BODY = YES;
				CLANG_WARN_ENUM_CONVERSION = YES;
				CLANG_WARN_INFINITE_RECURSION = YES;
				CLANG_WARN_INT_CONVERSION = YES;
				CLANG_WARN_NON_LITERAL_NULL_CONVERSION = YES;
				CLANG_WARN_OBJC_IMPLICIT_RETAIN_SELF = YES;
				CLANG_WARN_OBJC_LITERAL_CONVERSION = YES;
				CLANG_WARN_OBJC_ROOT_CLASS = YES_ERROR;
				CLANG_WARN_QUOTED_INCLUDE_IN_FRAMEWORK_HEADER = YES;
				CLANG_WARN_RANGE_LOOP_ANALYSIS = YES;
				CLANG_WARN_STRICT_PROTOTYPES = YES;
				CLANG_WARN_SUSPICIOUS_MOVE = YES;
				CLANG_WARN_UNGUARDED_AVAILABILITY = YES_AGGRESSIVE;
				CLANG_WARN_UNREACHABLE_CODE = YES;
				CLANG_WARN__DUPLICATE_METHOD_MATCH = YES;
				COPY_PHASE_STRIP = NO;
				DEBUG_INFORMATION_FORMAT = "dwarf-with-dsym";
				ENABLE_NS_ASSERTIONS = NO;
				ENABLE_STRICT_OBJC_MSGSEND = YES;
				ENABLE_USER_SCRIPT_SANDBOXING = YES;
				GCC_C_LANGUAGE_STANDARD = gnu17;
				GCC_NO_COMMON_BLOCKS = YES;
				GCC_WARN_64_TO_32_BIT_CONVERSION = YES;
				GCC_WARN_ABOUT_RETURN_TYPE = YES_ERROR;
				GCC_WARN_UNDECLARED_SELECTOR = YES;
				GCC_WARN_UNINITIALIZED_AUTOS = YES_AGGRESSIVE;
				GCC_WARN_UNUSED_FUNCTION = YES;
				GCC_WARN_UNUSED_VARIABLE = YES;
				LOCALIZATION_PREFERS_STRING_CATALOGS = YES;
				MTL_ENABLE_DEBUG_INFO = NO;
				MTL_FAST_MATH = YES;
				SWIFT_COMPILATION_MODE = wholemodule;
			};
			name = Release;
		};
		D8249EC52AE70A9D0008AD7D /* Debug */ = {
			isa = XCBuildConfiguration;
			buildSettings = {
				ASSETCATALOG_COMPILER_APPICON_NAME = AppIcon;
				ASSETCATALOG_COMPILER_GLOBAL_ACCENT_COLOR_NAME = AccentColor;
				CODE_SIGN_ENTITLEMENTS = VirtualPet/VirtualPet.entitlements;
				CODE_SIGN_STYLE = Automatic;
				CURRENT_PROJECT_VERSION = 1;
				DEVELOPMENT_ASSET_PATHS = "\"VirtualPet/Preview Content\"";
				DEVELOPMENT_TEAM = 856F4M2786;
				ENABLE_HARDENED_RUNTIME = YES;
				ENABLE_PREVIEWS = YES;
				GENERATE_INFOPLIST_FILE = YES;
				INFOPLIST_FILE = VirtualPet/Info.plist;
				"INFOPLIST_KEY_UIApplicationSceneManifest_Generation[sdk=iphoneos*]" = YES;
				"INFOPLIST_KEY_UIApplicationSceneManifest_Generation[sdk=iphonesimulator*]" = YES;
				"INFOPLIST_KEY_UIApplicationSupportsIndirectInputEvents[sdk=iphoneos*]" = YES;
				"INFOPLIST_KEY_UIApplicationSupportsIndirectInputEvents[sdk=iphonesimulator*]" = YES;
				"INFOPLIST_KEY_UILaunchScreen_Generation[sdk=iphoneos*]" = YES;
				"INFOPLIST_KEY_UILaunchScreen_Generation[sdk=iphonesimulator*]" = YES;
				"INFOPLIST_KEY_UIStatusBarStyle[sdk=iphoneos*]" = UIStatusBarStyleDefault;
				"INFOPLIST_KEY_UIStatusBarStyle[sdk=iphonesimulator*]" = UIStatusBarStyleDefault;
				INFOPLIST_KEY_UISupportedInterfaceOrientations_iPad = "UIInterfaceOrientationPortrait UIInterfaceOrientationPortraitUpsideDown UIInterfaceOrientationLandscapeLeft UIInterfaceOrientationLandscapeRight";
				INFOPLIST_KEY_UISupportedInterfaceOrientations_iPhone = "UIInterfaceOrientationPortrait UIInterfaceOrientationLandscapeLeft UIInterfaceOrientationLandscapeRight";
				IPHONEOS_DEPLOYMENT_TARGET = 17.0;
				LD_RUNPATH_SEARCH_PATHS = "@executable_path/Frameworks";
				"LD_RUNPATH_SEARCH_PATHS[sdk=macosx*]" = "@executable_path/../Frameworks";
				MACOSX_DEPLOYMENT_TARGET = 14.0;
				MARKETING_VERSION = 1.0;
				PRODUCT_BUNDLE_IDENTIFIER = com.emnsv.VirtualPet;
				PRODUCT_NAME = "$(TARGET_NAME)";
				SDKROOT = auto;
				SUPPORTED_PLATFORMS = "iphoneos iphonesimulator macosx";
				SWIFT_EMIT_LOC_STRINGS = YES;
				SWIFT_VERSION = 5.0;
				TARGETED_DEVICE_FAMILY = "1,2";
			};
			name = Debug;
		};
		D8249EC62AE70A9D0008AD7D /* Release */ = {
			isa = XCBuildConfiguration;
			buildSettings = {
				ASSETCATALOG_COMPILER_APPICON_NAME = AppIcon;
				ASSETCATALOG_COMPILER_GLOBAL_ACCENT_COLOR_NAME = AccentColor;
				CODE_SIGN_ENTITLEMENTS = VirtualPet/VirtualPet.entitlements;
				CODE_SIGN_STYLE = Automatic;
				CURRENT_PROJECT_VERSION = 1;
				DEVELOPMENT_ASSET_PATHS = "\"VirtualPet/Preview Content\"";
				DEVELOPMENT_TEAM = 856F4M2786;
				ENABLE_HARDENED_RUNTIME = YES;
				ENABLE_PREVIEWS = YES;
				GENERATE_INFOPLIST_FILE = YES;
				INFOPLIST_FILE = VirtualPet/Info.plist;
				"INFOPLIST_KEY_UIApplicationSceneManifest_Generation[sdk=iphoneos*]" = YES;
				"INFOPLIST_KEY_UIApplicationSceneManifest_Generation[sdk=iphonesimulator*]" = YES;
				"INFOPLIST_KEY_UIApplicationSupportsIndirectInputEvents[sdk=iphoneos*]" = YES;
				"INFOPLIST_KEY_UIApplicationSupportsIndirectInputEvents[sdk=iphonesimulator*]" = YES;
				"INFOPLIST_KEY_UILaunchScreen_Generation[sdk=iphoneos*]" = YES;
				"INFOPLIST_KEY_UILaunchScreen_Generation[sdk=iphonesimulator*]" = YES;
				"INFOPLIST_KEY_UIStatusBarStyle[sdk=iphoneos*]" = UIStatusBarStyleDefault;
				"INFOPLIST_KEY_UIStatusBarStyle[sdk=iphonesimulator*]" = UIStatusBarStyleDefault;
				INFOPLIST_KEY_UISupportedInterfaceOrientations_iPad = "UIInterfaceOrientationPortrait UIInterfaceOrientationPortraitUpsideDown UIInterfaceOrientationLandscapeLeft UIInterfaceOrientationLandscapeRight";
				INFOPLIST_KEY_UISupportedInterfaceOrientations_iPhone = "UIInterfaceOrientationPortrait UIInterfaceOrientationLandscapeLeft UIInterfaceOrientationLandscapeRight";
				IPHONEOS_DEPLOYMENT_TARGET = 17.0;
				LD_RUNPATH_SEARCH_PATHS = "@executable_path/Frameworks";
				"LD_RUNPATH_SEARCH_PATHS[sdk=macosx*]" = "@executable_path/../Frameworks";
				MACOSX_DEPLOYMENT_TARGET = 14.0;
				MARKETING_VERSION = 1.0;
				PRODUCT_BUNDLE_IDENTIFIER = com.emnsv.VirtualPet;
				PRODUCT_NAME = "$(TARGET_NAME)";
				SDKROOT = auto;
				SUPPORTED_PLATFORMS = "iphoneos iphonesimulator macosx";
				SWIFT_EMIT_LOC_STRINGS = YES;
				SWIFT_VERSION = 5.0;
				TARGETED_DEVICE_FAMILY = "1,2";
			};
			name = Release;
		};
		D8249EE92AE70B460008AD7D /* Debug */ = {
			isa = XCBuildConfiguration;
			buildSettings = {
				ASSETCATALOG_COMPILER_APPICON_NAME = AppIcon;
				ASSETCATALOG_COMPILER_GLOBAL_ACCENT_COLOR_NAME = AccentColor;
				CODE_SIGN_STYLE = Automatic;
				CURRENT_PROJECT_VERSION = 1;
				DEVELOPMENT_ASSET_PATHS = "\"VirtualPetAppleWatch Watch App/Preview Content\"";
				DEVELOPMENT_TEAM = 99TYK429DP;
				ENABLE_PREVIEWS = YES;
				GENERATE_INFOPLIST_FILE = YES;
				INFOPLIST_KEY_CFBundleDisplayName = VirtualPetAppleWatch;
				INFOPLIST_KEY_UISupportedInterfaceOrientations = "UIInterfaceOrientationPortrait UIInterfaceOrientationPortraitUpsideDown";
				INFOPLIST_KEY_WKCompanionAppBundleIdentifier = com.emnsv.VirtualPetAppleWatch;
				LD_RUNPATH_SEARCH_PATHS = (
					"$(inherited)",
					"@executable_path/Frameworks",
				);
				MARKETING_VERSION = 1.0;
				PRODUCT_BUNDLE_IDENTIFIER = com.emnsv.VirtualPetAppleWatch.watchkitapp;
				PRODUCT_NAME = "$(TARGET_NAME)";
				SDKROOT = watchos;
				SKIP_INSTALL = YES;
				SWIFT_EMIT_LOC_STRINGS = YES;
				SWIFT_VERSION = 5.0;
				TARGETED_DEVICE_FAMILY = 4;
				WATCHOS_DEPLOYMENT_TARGET = 10.0;
			};
			name = Debug;
		};
		D8249EEA2AE70B460008AD7D /* Release */ = {
			isa = XCBuildConfiguration;
			buildSettings = {
				ASSETCATALOG_COMPILER_APPICON_NAME = AppIcon;
				ASSETCATALOG_COMPILER_GLOBAL_ACCENT_COLOR_NAME = AccentColor;
				CODE_SIGN_STYLE = Automatic;
				CURRENT_PROJECT_VERSION = 1;
				DEVELOPMENT_ASSET_PATHS = "\"VirtualPetAppleWatch Watch App/Preview Content\"";
				DEVELOPMENT_TEAM = 99TYK429DP;
				ENABLE_PREVIEWS = YES;
				GENERATE_INFOPLIST_FILE = YES;
				INFOPLIST_KEY_CFBundleDisplayName = VirtualPetAppleWatch;
				INFOPLIST_KEY_UISupportedInterfaceOrientations = "UIInterfaceOrientationPortrait UIInterfaceOrientationPortraitUpsideDown";
				INFOPLIST_KEY_WKCompanionAppBundleIdentifier = com.emnsv.VirtualPetAppleWatch;
				LD_RUNPATH_SEARCH_PATHS = (
					"$(inherited)",
					"@executable_path/Frameworks",
				);
				MARKETING_VERSION = 1.0;
				PRODUCT_BUNDLE_IDENTIFIER = com.emnsv.VirtualPetAppleWatch.watchkitapp;
				PRODUCT_NAME = "$(TARGET_NAME)";
				SDKROOT = watchos;
				SKIP_INSTALL = YES;
				SWIFT_EMIT_LOC_STRINGS = YES;
				SWIFT_VERSION = 5.0;
				TARGETED_DEVICE_FAMILY = 4;
				VALIDATE_PRODUCT = YES;
				WATCHOS_DEPLOYMENT_TARGET = 10.0;
			};
			name = Release;
		};
		D8249EED2AE70B460008AD7D /* Debug */ = {
			isa = XCBuildConfiguration;
			buildSettings = {
				ALWAYS_EMBED_SWIFT_STANDARD_LIBRARIES = YES;
				ASSETCATALOG_COMPILER_APPICON_NAME = AppIcon;
				ASSETCATALOG_COMPILER_GLOBAL_ACCENT_COLOR_NAME = AccentColor;
				CODE_SIGN_STYLE = Automatic;
				CURRENT_PROJECT_VERSION = 1;
				DEVELOPMENT_ASSET_PATHS = "\"VirtualPetAppleWatch/Preview Content\"";
				DEVELOPMENT_TEAM = 99TYK429DP;
				ENABLE_PREVIEWS = YES;
				GENERATE_INFOPLIST_FILE = YES;
				INFOPLIST_KEY_CFBundleDisplayName = VirtualPetAppleWatch;
				INFOPLIST_KEY_UIApplicationSceneManifest_Generation = YES;
				INFOPLIST_KEY_UIApplicationSupportsIndirectInputEvents = YES;
				INFOPLIST_KEY_UILaunchScreen_Generation = YES;
				INFOPLIST_KEY_UISupportedInterfaceOrientations_iPad = "UIInterfaceOrientationPortrait UIInterfaceOrientationPortraitUpsideDown UIInterfaceOrientationLandscapeLeft UIInterfaceOrientationLandscapeRight";
				INFOPLIST_KEY_UISupportedInterfaceOrientations_iPhone = "UIInterfaceOrientationPortrait UIInterfaceOrientationLandscapeLeft UIInterfaceOrientationLandscapeRight";
				IPHONEOS_DEPLOYMENT_TARGET = 17.0;
				LD_RUNPATH_SEARCH_PATHS = (
					"$(inherited)",
					"@executable_path/Frameworks",
				);
				MARKETING_VERSION = 1.0;
				PRODUCT_BUNDLE_IDENTIFIER = com.emnsv.VirtualPetAppleWatch;
				PRODUCT_NAME = "$(TARGET_NAME)";
				SDKROOT = iphoneos;
				SWIFT_EMIT_LOC_STRINGS = YES;
				SWIFT_VERSION = 5.0;
				TARGETED_DEVICE_FAMILY = "1,2";
			};
			name = Debug;
		};
		D8249EEE2AE70B460008AD7D /* Release */ = {
			isa = XCBuildConfiguration;
			buildSettings = {
				ALWAYS_EMBED_SWIFT_STANDARD_LIBRARIES = YES;
				ASSETCATALOG_COMPILER_APPICON_NAME = AppIcon;
				ASSETCATALOG_COMPILER_GLOBAL_ACCENT_COLOR_NAME = AccentColor;
				CODE_SIGN_STYLE = Automatic;
				CURRENT_PROJECT_VERSION = 1;
				DEVELOPMENT_ASSET_PATHS = "\"VirtualPetAppleWatch/Preview Content\"";
				DEVELOPMENT_TEAM = 99TYK429DP;
				ENABLE_PREVIEWS = YES;
				GENERATE_INFOPLIST_FILE = YES;
				INFOPLIST_KEY_CFBundleDisplayName = VirtualPetAppleWatch;
				INFOPLIST_KEY_UIApplicationSceneManifest_Generation = YES;
				INFOPLIST_KEY_UIApplicationSupportsIndirectInputEvents = YES;
				INFOPLIST_KEY_UILaunchScreen_Generation = YES;
				INFOPLIST_KEY_UISupportedInterfaceOrientations_iPad = "UIInterfaceOrientationPortrait UIInterfaceOrientationPortraitUpsideDown UIInterfaceOrientationLandscapeLeft UIInterfaceOrientationLandscapeRight";
				INFOPLIST_KEY_UISupportedInterfaceOrientations_iPhone = "UIInterfaceOrientationPortrait UIInterfaceOrientationLandscapeLeft UIInterfaceOrientationLandscapeRight";
				IPHONEOS_DEPLOYMENT_TARGET = 17.0;
				LD_RUNPATH_SEARCH_PATHS = (
					"$(inherited)",
					"@executable_path/Frameworks",
				);
				MARKETING_VERSION = 1.0;
				PRODUCT_BUNDLE_IDENTIFIER = com.emnsv.VirtualPetAppleWatch;
				PRODUCT_NAME = "$(TARGET_NAME)";
				SDKROOT = iphoneos;
				SWIFT_EMIT_LOC_STRINGS = YES;
				SWIFT_VERSION = 5.0;
				TARGETED_DEVICE_FAMILY = "1,2";
				VALIDATE_PRODUCT = YES;
			};
			name = Release;
		};
/* End XCBuildConfiguration section */

/* Begin XCConfigurationList section */
		D8249EAB2AE70A9C0008AD7D /* Build configuration list for PBXProject "VirtualPet" */ = {
			isa = XCConfigurationList;
			buildConfigurations = (
				D8249EC22AE70A9D0008AD7D /* Debug */,
				D8249EC32AE70A9D0008AD7D /* Release */,
			);
			defaultConfigurationIsVisible = 0;
			defaultConfigurationName = Release;
		};
		D8249EC42AE70A9D0008AD7D /* Build configuration list for PBXNativeTarget "VirtualPet" */ = {
			isa = XCConfigurationList;
			buildConfigurations = (
				D8249EC52AE70A9D0008AD7D /* Debug */,
				D8249EC62AE70A9D0008AD7D /* Release */,
			);
			defaultConfigurationIsVisible = 0;
			defaultConfigurationName = Release;
		};
		D8249EE82AE70B460008AD7D /* Build configuration list for PBXNativeTarget "VirtualPetAppleWatch Watch App" */ = {
			isa = XCConfigurationList;
			buildConfigurations = (
				D8249EE92AE70B460008AD7D /* Debug */,
				D8249EEA2AE70B460008AD7D /* Release */,
			);
			defaultConfigurationIsVisible = 0;
			defaultConfigurationName = Release;
		};
		D8249EEC2AE70B460008AD7D /* Build configuration list for PBXNativeTarget "VirtualPetAppleWatch" */ = {
			isa = XCConfigurationList;
			buildConfigurations = (
				D8249EED2AE70B460008AD7D /* Debug */,
				D8249EEE2AE70B460008AD7D /* Release */,
			);
			defaultConfigurationIsVisible = 0;
			defaultConfigurationName = Release;
		};
/* End XCConfigurationList section */

/* Begin XCVersionGroup section */
		D8249EB72AE70A9C0008AD7D /* VirtualPet.xcdatamodeld */ = {
			isa = XCVersionGroup;
			children = (
				D8249EB82AE70A9C0008AD7D /* VirtualPet.xcdatamodel */,
			);
			currentVersion = D8249EB82AE70A9C0008AD7D /* VirtualPet.xcdatamodel */;
			path = VirtualPet.xcdatamodeld;
			sourceTree = "<group>";
			versionGroupType = wrapper.xcdatamodel;
		};
/* End XCVersionGroup section */
	};
	rootObject = D8249EA82AE70A9C0008AD7D /* Project object */;
}
